
Microsoft Visual Studio Solution File, Format Version 12.00
# Visual Studio Version 17
VisualStudioVersion = 17.0.31903.59
MinimumVisualStudioVersion = 10.0.40219.1
Project("{2150E333-8FDC-42A3-9474-1A3956D46DE8}") = "src", "src", "{011B1A60-FE9C-49D1-96EB-636AB5D75AD7}"
EndProject
Project("{FAE04EC0-301F-11D3-BF4B-00C04F79EFBC}") = "Chirp.CLI", "src\Chirp.CLI\Chirp.CLI.csproj", "{73247654-6C57-42F5-B10A-8517E530FF9F}"
EndProject
Project("{FAE04EC0-301F-11D3-BF4B-00C04F79EFBC}") = "SimpleDB", "src\SimpleDB\SimpleDB.csproj", "{33507E85-3520-4543-BBAB-D11CE36654BE}"
EndProject
Global
	GlobalSection(SolutionConfigurationPlatforms) = preSolution
		Debug|Any CPU = Debug|Any CPU
		Release|Any CPU = Release|Any CPU
	EndGlobalSection
	GlobalSection(SolutionProperties) = preSolution
		HideSolutionNode = FALSE
	EndGlobalSection
	GlobalSection(ProjectConfigurationPlatforms) = postSolution
		{73247654-6C57-42F5-B10A-8517E530FF9F}.Debug|Any CPU.ActiveCfg = Debug|Any CPU
		{73247654-6C57-42F5-B10A-8517E530FF9F}.Debug|Any CPU.Build.0 = Debug|Any CPU
		{73247654-6C57-42F5-B10A-8517E530FF9F}.Release|Any CPU.ActiveCfg = Release|Any CPU
		{73247654-6C57-42F5-B10A-8517E530FF9F}.Release|Any CPU.Build.0 = Release|Any CPU
		{33507E85-3520-4543-BBAB-D11CE36654BE}.Debug|Any CPU.ActiveCfg = Debug|Any CPU
		{33507E85-3520-4543-BBAB-D11CE36654BE}.Debug|Any CPU.Build.0 = Debug|Any CPU
		{33507E85-3520-4543-BBAB-D11CE36654BE}.Release|Any CPU.ActiveCfg = Release|Any CPU
		{33507E85-3520-4543-BBAB-D11CE36654BE}.Release|Any CPU.Build.0 = Release|Any CPU
	EndGlobalSection
	GlobalSection(NestedProjects) = preSolution
		{73247654-6C57-42F5-B10A-8517E530FF9F} = {011B1A60-FE9C-49D1-96EB-636AB5D75AD7}
		{33507E85-3520-4543-BBAB-D11CE36654BE} = {011B1A60-FE9C-49D1-96EB-636AB5D75AD7}
	EndGlobalSection
EndGlobal
